// !$*UTF8*$!
{
	archiveVersion = 1;
	classes = {
	};
	objectVersion = 52;
	objects = {

/* Begin PBXBuildFile section */
		7490BA0927EB3B52002092B1 /* MultiModuleExampleApp.swift in Sources */ = {isa = PBXBuildFile; fileRef = 7490BA0827EB3B52002092B1 /* MultiModuleExampleApp.swift */; };
		7490BA0D27EB3B54002092B1 /* Assets.xcassets in Resources */ = {isa = PBXBuildFile; fileRef = 7490BA0C27EB3B54002092B1 /* Assets.xcassets */; };
		7490BA1027EB3B54002092B1 /* Preview Assets.xcassets in Resources */ = {isa = PBXBuildFile; fileRef = 7490BA0F27EB3B54002092B1 /* Preview Assets.xcassets */; };
		7490BA1B27EB3B55002092B1 /* MultiModuleExampleTests.swift in Sources */ = {isa = PBXBuildFile; fileRef = 7490BA1A27EB3B55002092B1 /* MultiModuleExampleTests.swift */; };
		7490BA2627EB3B55002092B1 /* MultiModuleExampleUITests.swift in Sources */ = {isa = PBXBuildFile; fileRef = 7490BA2527EB3B55002092B1 /* MultiModuleExampleUITests.swift */; };
		749C92CF2869AA09002B7C10 /* SearchViewModel.swift in Sources */ = {isa = PBXBuildFile; fileRef = 749C92CE2869AA09002B7C10 /* SearchViewModel.swift */; };
		749C92D12869CF7C002B7C10 /* MultiModuleBuilder.swift in Sources */ = {isa = PBXBuildFile; fileRef = 749C92D02869CF7C002B7C10 /* MultiModuleBuilder.swift */; };
		749C92D32869CF93002B7C10 /* MultiModuleBetaBuilder.swift in Sources */ = {isa = PBXBuildFile; fileRef = 749C92D22869CF93002B7C10 /* MultiModuleBetaBuilder.swift */; };
		749C92D6286ACDB2002B7C10 /* ListAPIClient.swift in Sources */ = {isa = PBXBuildFile; fileRef = 749C92D5286ACDB2002B7C10 /* ListAPIClient.swift */; };
		74E21AC72860857300E90FE6 /* MainLibrary in Frameworks */ = {isa = PBXBuildFile; productRef = 74E21AC62860857300E90FE6 /* MainLibrary */; };
		74E21ACB2860A18900E90FE6 /* EnvironmentLibrary in Frameworks */ = {isa = PBXBuildFile; productRef = 74E21ACA2860A18900E90FE6 /* EnvironmentLibrary */; };
		74E21ACD2860A18F00E90FE6 /* DetailFeatureLibrary in Frameworks */ = {isa = PBXBuildFile; productRef = 74E21ACC2860A18F00E90FE6 /* DetailFeatureLibrary */; };
		74E21ACF2860A18F00E90FE6 /* ListFeatureLibrary in Frameworks */ = {isa = PBXBuildFile; productRef = 74E21ACE2860A18F00E90FE6 /* ListFeatureLibrary */; };
		74E21AD72860A50400E90FE6 /* MultiModuleExampleBetaApp.swift in Sources */ = {isa = PBXBuildFile; fileRef = 74E21AD62860A50400E90FE6 /* MultiModuleExampleBetaApp.swift */; };
		74E21ADB2860A50500E90FE6 /* Assets.xcassets in Resources */ = {isa = PBXBuildFile; fileRef = 74E21ADA2860A50500E90FE6 /* Assets.xcassets */; };
		74E21ADE2860A50500E90FE6 /* Preview Assets.xcassets in Resources */ = {isa = PBXBuildFile; fileRef = 74E21ADD2860A50500E90FE6 /* Preview Assets.xcassets */; };
		74E21AE32860A5B000E90FE6 /* DetailFeatureLibrary in Frameworks */ = {isa = PBXBuildFile; productRef = 74E21AE22860A5B000E90FE6 /* DetailFeatureLibrary */; };
		74E21AE52860A5B000E90FE6 /* EnvironmentLibrary in Frameworks */ = {isa = PBXBuildFile; productRef = 74E21AE42860A5B000E90FE6 /* EnvironmentLibrary */; };
		74E21AE72860A5B000E90FE6 /* ListFeatureLibrary in Frameworks */ = {isa = PBXBuildFile; productRef = 74E21AE62860A5B000E90FE6 /* ListFeatureLibrary */; };
		74E21AE92860A5B000E90FE6 /* MainLibrary in Frameworks */ = {isa = PBXBuildFile; productRef = 74E21AE82860A5B000E90FE6 /* MainLibrary */; };
		74E21AEC2865508500E90FE6 /* SearchView.swift in Sources */ = {isa = PBXBuildFile; fileRef = 74E21AEB2865508500E90FE6 /* SearchView.swift */; };
/* End PBXBuildFile section */

/* Begin PBXContainerItemProxy section */
		7490BA1727EB3B55002092B1 /* PBXContainerItemProxy */ = {
			isa = PBXContainerItemProxy;
			containerPortal = 7490B9FD27EB3B52002092B1 /* Project object */;
			proxyType = 1;
			remoteGlobalIDString = 7490BA0427EB3B52002092B1;
			remoteInfo = MultiModuleExample;
		};
		7490BA2227EB3B55002092B1 /* PBXContainerItemProxy */ = {
			isa = PBXContainerItemProxy;
			containerPortal = 7490B9FD27EB3B52002092B1 /* Project object */;
			proxyType = 1;
			remoteGlobalIDString = 7490BA0427EB3B52002092B1;
			remoteInfo = MultiModuleExample;
		};
/* End PBXContainerItemProxy section */

/* Begin PBXFileReference section */
		7490BA0527EB3B52002092B1 /* MultiModuleExample.app */ = {isa = PBXFileReference; explicitFileType = wrapper.application; includeInIndex = 0; path = MultiModuleExample.app; sourceTree = BUILT_PRODUCTS_DIR; };
		7490BA0827EB3B52002092B1 /* MultiModuleExampleApp.swift */ = {isa = PBXFileReference; lastKnownFileType = sourcecode.swift; path = MultiModuleExampleApp.swift; sourceTree = "<group>"; };
		7490BA0C27EB3B54002092B1 /* Assets.xcassets */ = {isa = PBXFileReference; lastKnownFileType = folder.assetcatalog; path = Assets.xcassets; sourceTree = "<group>"; };
		7490BA0F27EB3B54002092B1 /* Preview Assets.xcassets */ = {isa = PBXFileReference; lastKnownFileType = folder.assetcatalog; path = "Preview Assets.xcassets"; sourceTree = "<group>"; };
		7490BA1127EB3B54002092B1 /* Info.plist */ = {isa = PBXFileReference; lastKnownFileType = text.plist.xml; path = Info.plist; sourceTree = "<group>"; };
		7490BA1627EB3B55002092B1 /* MultiModuleExampleTests.xctest */ = {isa = PBXFileReference; explicitFileType = wrapper.cfbundle; includeInIndex = 0; path = MultiModuleExampleTests.xctest; sourceTree = BUILT_PRODUCTS_DIR; };
		7490BA1A27EB3B55002092B1 /* MultiModuleExampleTests.swift */ = {isa = PBXFileReference; lastKnownFileType = sourcecode.swift; path = MultiModuleExampleTests.swift; sourceTree = "<group>"; };
		7490BA1C27EB3B55002092B1 /* Info.plist */ = {isa = PBXFileReference; lastKnownFileType = text.plist.xml; path = Info.plist; sourceTree = "<group>"; };
		7490BA2127EB3B55002092B1 /* MultiModuleExampleUITests.xctest */ = {isa = PBXFileReference; explicitFileType = wrapper.cfbundle; includeInIndex = 0; path = MultiModuleExampleUITests.xctest; sourceTree = BUILT_PRODUCTS_DIR; };
		7490BA2527EB3B55002092B1 /* MultiModuleExampleUITests.swift */ = {isa = PBXFileReference; lastKnownFileType = sourcecode.swift; path = MultiModuleExampleUITests.swift; sourceTree = "<group>"; };
		7490BA2727EB3B55002092B1 /* Info.plist */ = {isa = PBXFileReference; lastKnownFileType = text.plist.xml; path = Info.plist; sourceTree = "<group>"; };
		749C92CE2869AA09002B7C10 /* SearchViewModel.swift */ = {isa = PBXFileReference; lastKnownFileType = sourcecode.swift; path = SearchViewModel.swift; sourceTree = "<group>"; };
		749C92D02869CF7C002B7C10 /* MultiModuleBuilder.swift */ = {isa = PBXFileReference; fileEncoding = 4; lastKnownFileType = sourcecode.swift; path = MultiModuleBuilder.swift; sourceTree = "<group>"; };
		749C92D22869CF93002B7C10 /* MultiModuleBetaBuilder.swift */ = {isa = PBXFileReference; fileEncoding = 4; lastKnownFileType = sourcecode.swift; path = MultiModuleBetaBuilder.swift; sourceTree = "<group>"; };
		749C92D5286ACDB2002B7C10 /* ListAPIClient.swift */ = {isa = PBXFileReference; lastKnownFileType = sourcecode.swift; path = ListAPIClient.swift; sourceTree = "<group>"; };
		74E21AD42860A50400E90FE6 /* MultiModuleExampleBeta.app */ = {isa = PBXFileReference; explicitFileType = wrapper.application; includeInIndex = 0; path = MultiModuleExampleBeta.app; sourceTree = BUILT_PRODUCTS_DIR; };
		74E21AD62860A50400E90FE6 /* MultiModuleExampleBetaApp.swift */ = {isa = PBXFileReference; lastKnownFileType = sourcecode.swift; path = MultiModuleExampleBetaApp.swift; sourceTree = "<group>"; };
		74E21ADA2860A50500E90FE6 /* Assets.xcassets */ = {isa = PBXFileReference; lastKnownFileType = folder.assetcatalog; path = Assets.xcassets; sourceTree = "<group>"; };
		74E21ADD2860A50500E90FE6 /* Preview Assets.xcassets */ = {isa = PBXFileReference; lastKnownFileType = folder.assetcatalog; path = "Preview Assets.xcassets"; sourceTree = "<group>"; };
		74E21AEB2865508500E90FE6 /* SearchView.swift */ = {isa = PBXFileReference; lastKnownFileType = sourcecode.swift; path = SearchView.swift; sourceTree = "<group>"; };
/* End PBXFileReference section */

/* Begin PBXFrameworksBuildPhase section */
		7490BA0227EB3B52002092B1 /* Frameworks */ = {
			isa = PBXFrameworksBuildPhase;
			buildActionMask = 2147483647;
			files = (
				74E21ACB2860A18900E90FE6 /* EnvironmentLibrary in Frameworks */,
				74E21ACD2860A18F00E90FE6 /* DetailFeatureLibrary in Frameworks */,
				74E21AC72860857300E90FE6 /* MainLibrary in Frameworks */,
				74E21ACF2860A18F00E90FE6 /* ListFeatureLibrary in Frameworks */,
			);
			runOnlyForDeploymentPostprocessing = 0;
		};
		7490BA1327EB3B55002092B1 /* Frameworks */ = {
			isa = PBXFrameworksBuildPhase;
			buildActionMask = 2147483647;
			files = (
			);
			runOnlyForDeploymentPostprocessing = 0;
		};
		7490BA1E27EB3B55002092B1 /* Frameworks */ = {
			isa = PBXFrameworksBuildPhase;
			buildActionMask = 2147483647;
			files = (
			);
			runOnlyForDeploymentPostprocessing = 0;
		};
		74E21AD12860A50400E90FE6 /* Frameworks */ = {
			isa = PBXFrameworksBuildPhase;
			buildActionMask = 2147483647;
			files = (
				74E21AE52860A5B000E90FE6 /* EnvironmentLibrary in Frameworks */,
				74E21AE92860A5B000E90FE6 /* MainLibrary in Frameworks */,
				74E21AE72860A5B000E90FE6 /* ListFeatureLibrary in Frameworks */,
				74E21AE32860A5B000E90FE6 /* DetailFeatureLibrary in Frameworks */,
			);
			runOnlyForDeploymentPostprocessing = 0;
		};
/* End PBXFrameworksBuildPhase section */

/* Begin PBXGroup section */
		7490B9FC27EB3B52002092B1 = {
			isa = PBXGroup;
			children = (
				7490BA0727EB3B52002092B1 /* MultiModuleExample */,
				7490BA1927EB3B55002092B1 /* MultiModuleExampleTests */,
				7490BA2427EB3B55002092B1 /* MultiModuleExampleUITests */,
				74E21AD52860A50400E90FE6 /* MultiModuleExampleBeta */,
				7490BA0627EB3B52002092B1 /* Products */,
				7490BA3327EB3CBA002092B1 /* Frameworks */,
			);
			sourceTree = "<group>";
		};
		7490BA0627EB3B52002092B1 /* Products */ = {
			isa = PBXGroup;
			children = (
				7490BA0527EB3B52002092B1 /* MultiModuleExample.app */,
				7490BA1627EB3B55002092B1 /* MultiModuleExampleTests.xctest */,
				7490BA2127EB3B55002092B1 /* MultiModuleExampleUITests.xctest */,
				74E21AD42860A50400E90FE6 /* MultiModuleExampleBeta.app */,
			);
			name = Products;
			sourceTree = "<group>";
		};
		7490BA0727EB3B52002092B1 /* MultiModuleExample */ = {
			isa = PBXGroup;
			children = (
				749C92D4286ACD9C002B7C10 /* Networking */,
				749C92D02869CF7C002B7C10 /* MultiModuleBuilder.swift */,
				74E21AEA2865506500E90FE6 /* SearchFeature */,
				7490BA0827EB3B52002092B1 /* MultiModuleExampleApp.swift */,
				7490BA0C27EB3B54002092B1 /* Assets.xcassets */,
				7490BA1127EB3B54002092B1 /* Info.plist */,
				7490BA0E27EB3B54002092B1 /* Preview Content */,
			);
			path = MultiModuleExample;
			sourceTree = "<group>";
		};
		7490BA0E27EB3B54002092B1 /* Preview Content */ = {
			isa = PBXGroup;
			children = (
				7490BA0F27EB3B54002092B1 /* Preview Assets.xcassets */,
			);
			path = "Preview Content";
			sourceTree = "<group>";
		};
		7490BA1927EB3B55002092B1 /* MultiModuleExampleTests */ = {
			isa = PBXGroup;
			children = (
				7490BA1A27EB3B55002092B1 /* MultiModuleExampleTests.swift */,
				7490BA1C27EB3B55002092B1 /* Info.plist */,
			);
			path = MultiModuleExampleTests;
			sourceTree = "<group>";
		};
		7490BA2427EB3B55002092B1 /* MultiModuleExampleUITests */ = {
			isa = PBXGroup;
			children = (
				7490BA2527EB3B55002092B1 /* MultiModuleExampleUITests.swift */,
				7490BA2727EB3B55002092B1 /* Info.plist */,
			);
			path = MultiModuleExampleUITests;
			sourceTree = "<group>";
		};
		7490BA3327EB3CBA002092B1 /* Frameworks */ = {
			isa = PBXGroup;
			children = (
			);
			name = Frameworks;
			sourceTree = "<group>";
		};
		749C92D4286ACD9C002B7C10 /* Networking */ = {
			isa = PBXGroup;
			children = (
				749C92D5286ACDB2002B7C10 /* ListAPIClient.swift */,
			);
			path = Networking;
			sourceTree = "<group>";
		};
		74E21AD52860A50400E90FE6 /* MultiModuleExampleBeta */ = {
			isa = PBXGroup;
			children = (
				749C92D22869CF93002B7C10 /* MultiModuleBetaBuilder.swift */,
				74E21AD62860A50400E90FE6 /* MultiModuleExampleBetaApp.swift */,
				74E21ADA2860A50500E90FE6 /* Assets.xcassets */,
				74E21ADC2860A50500E90FE6 /* Preview Content */,
			);
			path = MultiModuleExampleBeta;
			sourceTree = "<group>";
		};
		74E21ADC2860A50500E90FE6 /* Preview Content */ = {
			isa = PBXGroup;
			children = (
				74E21ADD2860A50500E90FE6 /* Preview Assets.xcassets */,
			);
			path = "Preview Content";
			sourceTree = "<group>";
		};
		74E21AEA2865506500E90FE6 /* SearchFeature */ = {
			isa = PBXGroup;
			children = (
				74E21AEB2865508500E90FE6 /* SearchView.swift */,
				749C92CE2869AA09002B7C10 /* SearchViewModel.swift */,
			);
			path = SearchFeature;
			sourceTree = "<group>";
		};
/* End PBXGroup section */

/* Begin PBXNativeTarget section */
		7490BA0427EB3B52002092B1 /* MultiModuleExample */ = {
			isa = PBXNativeTarget;
			buildConfigurationList = 7490BA2A27EB3B55002092B1 /* Build configuration list for PBXNativeTarget "MultiModuleExample" */;
			buildPhases = (
				7490BA0127EB3B52002092B1 /* Sources */,
				7490BA0227EB3B52002092B1 /* Frameworks */,
				7490BA0327EB3B52002092B1 /* Resources */,
			);
			buildRules = (
			);
			dependencies = (
			);
			name = MultiModuleExample;
			packageProductDependencies = (
				74E21AC62860857300E90FE6 /* MainLibrary */,
				74E21ACA2860A18900E90FE6 /* EnvironmentLibrary */,
				74E21ACC2860A18F00E90FE6 /* DetailFeatureLibrary */,
				74E21ACE2860A18F00E90FE6 /* ListFeatureLibrary */,
			);
			productName = MultiModuleExample;
			productReference = 7490BA0527EB3B52002092B1 /* MultiModuleExample.app */;
			productType = "com.apple.product-type.application";
		};
		7490BA1527EB3B55002092B1 /* MultiModuleExampleTests */ = {
			isa = PBXNativeTarget;
			buildConfigurationList = 7490BA2D27EB3B55002092B1 /* Build configuration list for PBXNativeTarget "MultiModuleExampleTests" */;
			buildPhases = (
				7490BA1227EB3B55002092B1 /* Sources */,
				7490BA1327EB3B55002092B1 /* Frameworks */,
				7490BA1427EB3B55002092B1 /* Resources */,
			);
			buildRules = (
			);
			dependencies = (
				7490BA1827EB3B55002092B1 /* PBXTargetDependency */,
			);
			name = MultiModuleExampleTests;
			productName = MultiModuleExampleTests;
			productReference = 7490BA1627EB3B55002092B1 /* MultiModuleExampleTests.xctest */;
			productType = "com.apple.product-type.bundle.unit-test";
		};
		7490BA2027EB3B55002092B1 /* MultiModuleExampleUITests */ = {
			isa = PBXNativeTarget;
			buildConfigurationList = 7490BA3027EB3B55002092B1 /* Build configuration list for PBXNativeTarget "MultiModuleExampleUITests" */;
			buildPhases = (
				7490BA1D27EB3B55002092B1 /* Sources */,
				7490BA1E27EB3B55002092B1 /* Frameworks */,
				7490BA1F27EB3B55002092B1 /* Resources */,
			);
			buildRules = (
			);
			dependencies = (
				7490BA2327EB3B55002092B1 /* PBXTargetDependency */,
			);
			name = MultiModuleExampleUITests;
			productName = MultiModuleExampleUITests;
			productReference = 7490BA2127EB3B55002092B1 /* MultiModuleExampleUITests.xctest */;
			productType = "com.apple.product-type.bundle.ui-testing";
		};
		74E21AD32860A50400E90FE6 /* MultiModuleExampleBeta */ = {
			isa = PBXNativeTarget;
			buildConfigurationList = 74E21AE12860A50500E90FE6 /* Build configuration list for PBXNativeTarget "MultiModuleExampleBeta" */;
			buildPhases = (
				74E21AD02860A50400E90FE6 /* Sources */,
				74E21AD12860A50400E90FE6 /* Frameworks */,
				74E21AD22860A50400E90FE6 /* Resources */,
			);
			buildRules = (
			);
			dependencies = (
			);
			name = MultiModuleExampleBeta;
			packageProductDependencies = (
				74E21AE22860A5B000E90FE6 /* DetailFeatureLibrary */,
				74E21AE42860A5B000E90FE6 /* EnvironmentLibrary */,
				74E21AE62860A5B000E90FE6 /* ListFeatureLibrary */,
				74E21AE82860A5B000E90FE6 /* MainLibrary */,
			);
			productName = MultiModuleExampleBeta;
			productReference = 74E21AD42860A50400E90FE6 /* MultiModuleExampleBeta.app */;
			productType = "com.apple.product-type.application";
		};
/* End PBXNativeTarget section */

/* Begin PBXProject section */
		7490B9FD27EB3B52002092B1 /* Project object */ = {
			isa = PBXProject;
			attributes = {
				LastSwiftUpdateCheck = 1330;
				LastUpgradeCheck = 1250;
				TargetAttributes = {
					7490BA0427EB3B52002092B1 = {
						CreatedOnToolsVersion = 12.5.1;
					};
					7490BA1527EB3B55002092B1 = {
						CreatedOnToolsVersion = 12.5.1;
						TestTargetID = 7490BA0427EB3B52002092B1;
					};
					7490BA2027EB3B55002092B1 = {
						CreatedOnToolsVersion = 12.5.1;
						TestTargetID = 7490BA0427EB3B52002092B1;
					};
					74E21AD32860A50400E90FE6 = {
						CreatedOnToolsVersion = 13.3.1;
					};
				};
			};
			buildConfigurationList = 7490BA0027EB3B52002092B1 /* Build configuration list for PBXProject "MultiModuleExample" */;
			compatibilityVersion = "Xcode 9.3";
			developmentRegion = en;
			hasScannedForEncodings = 0;
			knownRegions = (
				en,
				Base,
			);
			mainGroup = 7490B9FC27EB3B52002092B1;
			productRefGroup = 7490BA0627EB3B52002092B1 /* Products */;
			projectDirPath = "";
			projectRoot = "";
			targets = (
				7490BA0427EB3B52002092B1 /* MultiModuleExample */,
				7490BA1527EB3B55002092B1 /* MultiModuleExampleTests */,
				7490BA2027EB3B55002092B1 /* MultiModuleExampleUITests */,
				74E21AD32860A50400E90FE6 /* MultiModuleExampleBeta */,
			);
		};
/* End PBXProject section */

/* Begin PBXResourcesBuildPhase section */
		7490BA0327EB3B52002092B1 /* Resources */ = {
			isa = PBXResourcesBuildPhase;
			buildActionMask = 2147483647;
			files = (
				7490BA1027EB3B54002092B1 /* Preview Assets.xcassets in Resources */,
				7490BA0D27EB3B54002092B1 /* Assets.xcassets in Resources */,
			);
			runOnlyForDeploymentPostprocessing = 0;
		};
		7490BA1427EB3B55002092B1 /* Resources */ = {
			isa = PBXResourcesBuildPhase;
			buildActionMask = 2147483647;
			files = (
			);
			runOnlyForDeploymentPostprocessing = 0;
		};
		7490BA1F27EB3B55002092B1 /* Resources */ = {
			isa = PBXResourcesBuildPhase;
			buildActionMask = 2147483647;
			files = (
			);
			runOnlyForDeploymentPostprocessing = 0;
		};
		74E21AD22860A50400E90FE6 /* Resources */ = {
			isa = PBXResourcesBuildPhase;
			buildActionMask = 2147483647;
			files = (
				74E21ADE2860A50500E90FE6 /* Preview Assets.xcassets in Resources */,
				74E21ADB2860A50500E90FE6 /* Assets.xcassets in Resources */,
			);
			runOnlyForDeploymentPostprocessing = 0;
		};
/* End PBXResourcesBuildPhase section */

/* Begin PBXSourcesBuildPhase section */
		7490BA0127EB3B52002092B1 /* Sources */ = {
			isa = PBXSourcesBuildPhase;
			buildActionMask = 2147483647;
			files = (
				7490BA0927EB3B52002092B1 /* MultiModuleExampleApp.swift in Sources */,
				74E21AEC2865508500E90FE6 /* SearchView.swift in Sources */,
				749C92CF2869AA09002B7C10 /* SearchViewModel.swift in Sources */,
				749C92D12869CF7C002B7C10 /* MultiModuleBuilder.swift in Sources */,
				749C92D6286ACDB2002B7C10 /* ListAPIClient.swift in Sources */,
			);
			runOnlyForDeploymentPostprocessing = 0;
		};
		7490BA1227EB3B55002092B1 /* Sources */ = {
			isa = PBXSourcesBuildPhase;
			buildActionMask = 2147483647;
			files = (
				7490BA1B27EB3B55002092B1 /* MultiModuleExampleTests.swift in Sources */,
			);
			runOnlyForDeploymentPostprocessing = 0;
		};
		7490BA1D27EB3B55002092B1 /* Sources */ = {
			isa = PBXSourcesBuildPhase;
			buildActionMask = 2147483647;
			files = (
				7490BA2627EB3B55002092B1 /* MultiModuleExampleUITests.swift in Sources */,
			);
			runOnlyForDeploymentPostprocessing = 0;
		};
		74E21AD02860A50400E90FE6 /* Sources */ = {
			isa = PBXSourcesBuildPhase;
			buildActionMask = 2147483647;
			files = (
				74E21AD72860A50400E90FE6 /* MultiModuleExampleBetaApp.swift in Sources */,
				749C92D32869CF93002B7C10 /* MultiModuleBetaBuilder.swift in Sources */,
			);
			runOnlyForDeploymentPostprocessing = 0;
		};
/* End PBXSourcesBuildPhase section */

/* Begin PBXTargetDependency section */
		7490BA1827EB3B55002092B1 /* PBXTargetDependency */ = {
			isa = PBXTargetDependency;
			target = 7490BA0427EB3B52002092B1 /* MultiModuleExample */;
			targetProxy = 7490BA1727EB3B55002092B1 /* PBXContainerItemProxy */;
		};
		7490BA2327EB3B55002092B1 /* PBXTargetDependency */ = {
			isa = PBXTargetDependency;
			target = 7490BA0427EB3B52002092B1 /* MultiModuleExample */;
			targetProxy = 7490BA2227EB3B55002092B1 /* PBXContainerItemProxy */;
		};
/* End PBXTargetDependency section */

/* Begin XCBuildConfiguration section */
		7490BA2827EB3B55002092B1 /* Debug */ = {
			isa = XCBuildConfiguration;
			buildSettings = {
				ALWAYS_SEARCH_USER_PATHS = NO;
				CLANG_ANALYZER_NONNULL = YES;
				CLANG_ANALYZER_NUMBER_OBJECT_CONVERSION = YES_AGGRESSIVE;
				CLANG_CXX_LANGUAGE_STANDARD = "gnu++14";
				CLANG_CXX_LIBRARY = "libc++";
				CLANG_ENABLE_MODULES = YES;
				CLANG_ENABLE_OBJC_ARC = YES;
				CLANG_ENABLE_OBJC_WEAK = YES;
				CLANG_WARN_BLOCK_CAPTURE_AUTORELEASING = YES;
				CLANG_WARN_BOOL_CONVERSION = YES;
				CLANG_WARN_COMMA = YES;
				CLANG_WARN_CONSTANT_CONVERSION = YES;
				CLANG_WARN_DEPRECATED_OBJC_IMPLEMENTATIONS = YES;
				CLANG_WARN_DIRECT_OBJC_ISA_USAGE = YES_ERROR;
				CLANG_WARN_DOCUMENTATION_COMMENTS = YES;
				CLANG_WARN_EMPTY_BODY = YES;
				CLANG_WARN_ENUM_CONVERSION = YES;
				CLANG_WARN_INFINITE_RECURSION = YES;
				CLANG_WARN_INT_CONVERSION = YES;
				CLANG_WARN_NON_LITERAL_NULL_CONVERSION = YES;
				CLANG_WARN_OBJC_IMPLICIT_RETAIN_SELF = YES;
				CLANG_WARN_OBJC_LITERAL_CONVERSION = YES;
				CLANG_WARN_OBJC_ROOT_CLASS = YES_ERROR;
				CLANG_WARN_QUOTED_INCLUDE_IN_FRAMEWORK_HEADER = YES;
				CLANG_WARN_RANGE_LOOP_ANALYSIS = YES;
				CLANG_WARN_STRICT_PROTOTYPES = YES;
				CLANG_WARN_SUSPICIOUS_MOVE = YES;
				CLANG_WARN_UNGUARDED_AVAILABILITY = YES_AGGRESSIVE;
				CLANG_WARN_UNREACHABLE_CODE = YES;
				CLANG_WARN__DUPLICATE_METHOD_MATCH = YES;
				COPY_PHASE_STRIP = NO;
				DEBUG_INFORMATION_FORMAT = dwarf;
				ENABLE_STRICT_OBJC_MSGSEND = YES;
				ENABLE_TESTABILITY = YES;
				GCC_C_LANGUAGE_STANDARD = gnu11;
				GCC_DYNAMIC_NO_PIC = NO;
				GCC_NO_COMMON_BLOCKS = YES;
				GCC_OPTIMIZATION_LEVEL = 0;
				GCC_PREPROCESSOR_DEFINITIONS = (
					"DEBUG=1",
					"$(inherited)",
				);
				GCC_WARN_64_TO_32_BIT_CONVERSION = YES;
				GCC_WARN_ABOUT_RETURN_TYPE = YES_ERROR;
				GCC_WARN_UNDECLARED_SELECTOR = YES;
				GCC_WARN_UNINITIALIZED_AUTOS = YES_AGGRESSIVE;
				GCC_WARN_UNUSED_FUNCTION = YES;
				GCC_WARN_UNUSED_VARIABLE = YES;
				IPHONEOS_DEPLOYMENT_TARGET = 14.5;
				MTL_ENABLE_DEBUG_INFO = INCLUDE_SOURCE;
				MTL_FAST_MATH = YES;
				ONLY_ACTIVE_ARCH = YES;
				SDKROOT = iphoneos;
				SWIFT_ACTIVE_COMPILATION_CONDITIONS = DEBUG;
				SWIFT_OPTIMIZATION_LEVEL = "-Onone";
			};
			name = Debug;
		};
		7490BA2927EB3B55002092B1 /* Release */ = {
			isa = XCBuildConfiguration;
			buildSettings = {
				ALWAYS_SEARCH_USER_PATHS = NO;
				CLANG_ANALYZER_NONNULL = YES;
				CLANG_ANALYZER_NUMBER_OBJECT_CONVERSION = YES_AGGRESSIVE;
				CLANG_CXX_LANGUAGE_STANDARD = "gnu++14";
				CLANG_CXX_LIBRARY = "libc++";
				CLANG_ENABLE_MODULES = YES;
				CLANG_ENABLE_OBJC_ARC = YES;
				CLANG_ENABLE_OBJC_WEAK = YES;
				CLANG_WARN_BLOCK_CAPTURE_AUTORELEASING = YES;
				CLANG_WARN_BOOL_CONVERSION = YES;
				CLANG_WARN_COMMA = YES;
				CLANG_WARN_CONSTANT_CONVERSION = YES;
				CLANG_WARN_DEPRECATED_OBJC_IMPLEMENTATIONS = YES;
				CLANG_WARN_DIRECT_OBJC_ISA_USAGE = YES_ERROR;
				CLANG_WARN_DOCUMENTATION_COMMENTS = YES;
				CLANG_WARN_EMPTY_BODY = YES;
				CLANG_WARN_ENUM_CONVERSION = YES;
				CLANG_WARN_INFINITE_RECURSION = YES;
				CLANG_WARN_INT_CONVERSION = YES;
				CLANG_WARN_NON_LITERAL_NULL_CONVERSION = YES;
				CLANG_WARN_OBJC_IMPLICIT_RETAIN_SELF = YES;
				CLANG_WARN_OBJC_LITERAL_CONVERSION = YES;
				CLANG_WARN_OBJC_ROOT_CLASS = YES_ERROR;
				CLANG_WARN_QUOTED_INCLUDE_IN_FRAMEWORK_HEADER = YES;
				CLANG_WARN_RANGE_LOOP_ANALYSIS = YES;
				CLANG_WARN_STRICT_PROTOTYPES = YES;
				CLANG_WARN_SUSPICIOUS_MOVE = YES;
				CLANG_WARN_UNGUARDED_AVAILABILITY = YES_AGGRESSIVE;
				CLANG_WARN_UNREACHABLE_CODE = YES;
				CLANG_WARN__DUPLICATE_METHOD_MATCH = YES;
				COPY_PHASE_STRIP = NO;
				DEBUG_INFORMATION_FORMAT = "dwarf-with-dsym";
				ENABLE_NS_ASSERTIONS = NO;
				ENABLE_STRICT_OBJC_MSGSEND = YES;
				GCC_C_LANGUAGE_STANDARD = gnu11;
				GCC_NO_COMMON_BLOCKS = YES;
				GCC_WARN_64_TO_32_BIT_CONVERSION = YES;
				GCC_WARN_ABOUT_RETURN_TYPE = YES_ERROR;
				GCC_WARN_UNDECLARED_SELECTOR = YES;
				GCC_WARN_UNINITIALIZED_AUTOS = YES_AGGRESSIVE;
				GCC_WARN_UNUSED_FUNCTION = YES;
				GCC_WARN_UNUSED_VARIABLE = YES;
				IPHONEOS_DEPLOYMENT_TARGET = 14.5;
				MTL_ENABLE_DEBUG_INFO = NO;
				MTL_FAST_MATH = YES;
				SDKROOT = iphoneos;
				SWIFT_COMPILATION_MODE = wholemodule;
				SWIFT_OPTIMIZATION_LEVEL = "-O";
				VALIDATE_PRODUCT = YES;
			};
			name = Release;
		};
		7490BA2B27EB3B55002092B1 /* Debug */ = {
			isa = XCBuildConfiguration;
			buildSettings = {
				ASSETCATALOG_COMPILER_APPICON_NAME = AppIcon;
				ASSETCATALOG_COMPILER_GLOBAL_ACCENT_COLOR_NAME = AccentColor;
				CODE_SIGN_STYLE = Automatic;
				DEVELOPMENT_ASSET_PATHS = "\"MultiModuleExample/Preview Content\"";
				DEVELOPMENT_TEAM = 279QG3TPXV;
				ENABLE_PREVIEWS = YES;
				INFOPLIST_FILE = MultiModuleExample/Info.plist;
				IPHONEOS_DEPLOYMENT_TARGET = 15.4;
				LD_RUNPATH_SEARCH_PATHS = (
					"$(inherited)",
					"@executable_path/Frameworks",
				);
				PRODUCT_BUNDLE_IDENTIFIER = kojikoji.MultiModuleExample;
				PRODUCT_NAME = "$(TARGET_NAME)";
				SWIFT_VERSION = 5.0;
				TARGETED_DEVICE_FAMILY = "1,2";
			};
			name = Debug;
		};
		7490BA2C27EB3B55002092B1 /* Release */ = {
			isa = XCBuildConfiguration;
			buildSettings = {
				ASSETCATALOG_COMPILER_APPICON_NAME = AppIcon;
				ASSETCATALOG_COMPILER_GLOBAL_ACCENT_COLOR_NAME = AccentColor;
				CODE_SIGN_STYLE = Automatic;
				DEVELOPMENT_ASSET_PATHS = "\"MultiModuleExample/Preview Content\"";
				DEVELOPMENT_TEAM = 279QG3TPXV;
				ENABLE_PREVIEWS = YES;
				INFOPLIST_FILE = MultiModuleExample/Info.plist;
				IPHONEOS_DEPLOYMENT_TARGET = 15.4;
				LD_RUNPATH_SEARCH_PATHS = (
					"$(inherited)",
					"@executable_path/Frameworks",
				);
				PRODUCT_BUNDLE_IDENTIFIER = kojikoji.MultiModuleExample;
				PRODUCT_NAME = "$(TARGET_NAME)";
				SWIFT_VERSION = 5.0;
				TARGETED_DEVICE_FAMILY = "1,2";
			};
			name = Release;
		};
		7490BA2E27EB3B55002092B1 /* Debug */ = {
			isa = XCBuildConfiguration;
			buildSettings = {
				ALWAYS_EMBED_SWIFT_STANDARD_LIBRARIES = YES;
				BUNDLE_LOADER = "$(TEST_HOST)";
				CODE_SIGN_STYLE = Automatic;
				DEVELOPMENT_TEAM = 279QG3TPXV;
				INFOPLIST_FILE = MultiModuleExampleTests/Info.plist;
				IPHONEOS_DEPLOYMENT_TARGET = 14.0;
				LD_RUNPATH_SEARCH_PATHS = (
					"$(inherited)",
					"@executable_path/Frameworks",
					"@loader_path/Frameworks",
				);
				PRODUCT_BUNDLE_IDENTIFIER = kojikoji.MultiModuleExampleTests;
				PRODUCT_NAME = "$(TARGET_NAME)";
				SWIFT_VERSION = 5.0;
				TARGETED_DEVICE_FAMILY = "1,2";
				TEST_HOST = "$(BUILT_PRODUCTS_DIR)/MultiModuleExample.app/MultiModuleExample";
			};
			name = Debug;
		};
		7490BA2F27EB3B55002092B1 /* Release */ = {
			isa = XCBuildConfiguration;
			buildSettings = {
				ALWAYS_EMBED_SWIFT_STANDARD_LIBRARIES = YES;
				BUNDLE_LOADER = "$(TEST_HOST)";
				CODE_SIGN_STYLE = Automatic;
				DEVELOPMENT_TEAM = 279QG3TPXV;
				INFOPLIST_FILE = MultiModuleExampleTests/Info.plist;
				IPHONEOS_DEPLOYMENT_TARGET = 14.0;
				LD_RUNPATH_SEARCH_PATHS = (
					"$(inherited)",
					"@executable_path/Frameworks",
					"@loader_path/Frameworks",
				);
				PRODUCT_BUNDLE_IDENTIFIER = kojikoji.MultiModuleExampleTests;
				PRODUCT_NAME = "$(TARGET_NAME)";
				SWIFT_VERSION = 5.0;
				TARGETED_DEVICE_FAMILY = "1,2";
				TEST_HOST = "$(BUILT_PRODUCTS_DIR)/MultiModuleExample.app/MultiModuleExample";
			};
			name = Release;
		};
		7490BA3127EB3B55002092B1 /* Debug */ = {
			isa = XCBuildConfiguration;
			buildSettings = {
				ALWAYS_EMBED_SWIFT_STANDARD_LIBRARIES = YES;
				CODE_SIGN_STYLE = Automatic;
				DEVELOPMENT_TEAM = 279QG3TPXV;
				INFOPLIST_FILE = MultiModuleExampleUITests/Info.plist;
				LD_RUNPATH_SEARCH_PATHS = (
					"$(inherited)",
					"@executable_path/Frameworks",
					"@loader_path/Frameworks",
				);
				PRODUCT_BUNDLE_IDENTIFIER = kojikoji.MultiModuleExampleUITests;
				PRODUCT_NAME = "$(TARGET_NAME)";
				SWIFT_VERSION = 5.0;
				TARGETED_DEVICE_FAMILY = "1,2";
				TEST_TARGET_NAME = MultiModuleExample;
			};
			name = Debug;
		};
		7490BA3227EB3B55002092B1 /* Release */ = {
			isa = XCBuildConfiguration;
			buildSettings = {
				ALWAYS_EMBED_SWIFT_STANDARD_LIBRARIES = YES;
				CODE_SIGN_STYLE = Automatic;
				DEVELOPMENT_TEAM = 279QG3TPXV;
				INFOPLIST_FILE = MultiModuleExampleUITests/Info.plist;
				LD_RUNPATH_SEARCH_PATHS = (
					"$(inherited)",
					"@executable_path/Frameworks",
					"@loader_path/Frameworks",
				);
				PRODUCT_BUNDLE_IDENTIFIER = kojikoji.MultiModuleExampleUITests;
				PRODUCT_NAME = "$(TARGET_NAME)";
				SWIFT_VERSION = 5.0;
				TARGETED_DEVICE_FAMILY = "1,2";
				TEST_TARGET_NAME = MultiModuleExample;
			};
			name = Release;
		};
		74E21ADF2860A50500E90FE6 /* Debug */ = {
			isa = XCBuildConfiguration;
			buildSettings = {
				ASSETCATALOG_COMPILER_APPICON_NAME = AppIcon;
				ASSETCATALOG_COMPILER_GLOBAL_ACCENT_COLOR_NAME = AccentColor;
				CLANG_CXX_LANGUAGE_STANDARD = "gnu++17";
				CODE_SIGN_STYLE = Automatic;
				CURRENT_PROJECT_VERSION = 1;
				DEVELOPMENT_ASSET_PATHS = "\"MultiModuleExampleBeta/Preview Content\"";
				ENABLE_PREVIEWS = YES;
				GENERATE_INFOPLIST_FILE = YES;
				INFOPLIST_KEY_UIApplicationSceneManifest_Generation = YES;
				INFOPLIST_KEY_UIApplicationSupportsIndirectInputEvents = YES;
				INFOPLIST_KEY_UILaunchScreen_Generation = YES;
				INFOPLIST_KEY_UISupportedInterfaceOrientations_iPad = "UIInterfaceOrientationPortrait UIInterfaceOrientationPortraitUpsideDown UIInterfaceOrientationLandscapeLeft UIInterfaceOrientationLandscapeRight";
				INFOPLIST_KEY_UISupportedInterfaceOrientations_iPhone = "UIInterfaceOrientationPortrait UIInterfaceOrientationLandscapeLeft UIInterfaceOrientationLandscapeRight";
				IPHONEOS_DEPLOYMENT_TARGET = 15.4;
				LD_RUNPATH_SEARCH_PATHS = (
					"$(inherited)",
					"@executable_path/Frameworks",
				);
				MARKETING_VERSION = 1.0;
				PRODUCT_BUNDLE_IDENTIFIER = komaji.MultiModuleExampleBeta;
				PRODUCT_NAME = "$(TARGET_NAME)";
				SWIFT_EMIT_LOC_STRINGS = YES;
				SWIFT_VERSION = 5.0;
				TARGETED_DEVICE_FAMILY = "1,2";
			};
			name = Debug;
		};
		74E21AE02860A50500E90FE6 /* Release */ = {
			isa = XCBuildConfiguration;
			buildSettings = {
				ASSETCATALOG_COMPILER_APPICON_NAME = AppIcon;
				ASSETCATALOG_COMPILER_GLOBAL_ACCENT_COLOR_NAME = AccentColor;
				CLANG_CXX_LANGUAGE_STANDARD = "gnu++17";
				CODE_SIGN_STYLE = Automatic;
				CURRENT_PROJECT_VERSION = 1;
				DEVELOPMENT_ASSET_PATHS = "\"MultiModuleExampleBeta/Preview Content\"";
				ENABLE_PREVIEWS = YES;
				GENERATE_INFOPLIST_FILE = YES;
				INFOPLIST_KEY_UIApplicationSceneManifest_Generation = YES;
				INFOPLIST_KEY_UIApplicationSupportsIndirectInputEvents = YES;
				INFOPLIST_KEY_UILaunchScreen_Generation = YES;
				INFOPLIST_KEY_UISupportedInterfaceOrientations_iPad = "UIInterfaceOrientationPortrait UIInterfaceOrientationPortraitUpsideDown UIInterfaceOrientationLandscapeLeft UIInterfaceOrientationLandscapeRight";
				INFOPLIST_KEY_UISupportedInterfaceOrientations_iPhone = "UIInterfaceOrientationPortrait UIInterfaceOrientationLandscapeLeft UIInterfaceOrientationLandscapeRight";
				IPHONEOS_DEPLOYMENT_TARGET = 15.4;
				LD_RUNPATH_SEARCH_PATHS = (
					"$(inherited)",
					"@executable_path/Frameworks",
				);
				MARKETING_VERSION = 1.0;
				PRODUCT_BUNDLE_IDENTIFIER = komaji.MultiModuleExampleBeta;
				PRODUCT_NAME = "$(TARGET_NAME)";
				SWIFT_EMIT_LOC_STRINGS = YES;
				SWIFT_VERSION = 5.0;
				TARGETED_DEVICE_FAMILY = "1,2";
			};
			name = Release;
		};
/* End XCBuildConfiguration section */

/* Begin XCConfigurationList section */
		7490BA0027EB3B52002092B1 /* Build configuration list for PBXProject "MultiModuleExample" */ = {
			isa = XCConfigurationList;
			buildConfigurations = (
				7490BA2827EB3B55002092B1 /* Debug */,
				7490BA2927EB3B55002092B1 /* Release */,
			);
			defaultConfigurationIsVisible = 0;
			defaultConfigurationName = Release;
		};
		7490BA2A27EB3B55002092B1 /* Build configuration list for PBXNativeTarget "MultiModuleExample" */ = {
			isa = XCConfigurationList;
			buildConfigurations = (
				7490BA2B27EB3B55002092B1 /* Debug */,
				7490BA2C27EB3B55002092B1 /* Release */,
			);
			defaultConfigurationIsVisible = 0;
			defaultConfigurationName = Release;
		};
		7490BA2D27EB3B55002092B1 /* Build configuration list for PBXNativeTarget "MultiModuleExampleTests" */ = {
			isa = XCConfigurationList;
			buildConfigurations = (
				7490BA2E27EB3B55002092B1 /* Debug */,
				7490BA2F27EB3B55002092B1 /* Release */,
			);
			defaultConfigurationIsVisible = 0;
			defaultConfigurationName = Release;
		};
		7490BA3027EB3B55002092B1 /* Build configuration list for PBXNativeTarget "MultiModuleExampleUITests" */ = {
			isa = XCConfigurationList;
			buildConfigurations = (
				7490BA3127EB3B55002092B1 /* Debug */,
				7490BA3227EB3B55002092B1 /* Release */,
			);
			defaultConfigurationIsVisible = 0;
			defaultConfigurationName = Release;
		};
		74E21AE12860A50500E90FE6 /* Build configuration list for PBXNativeTarget "MultiModuleExampleBeta" */ = {
			isa = XCConfigurationList;
			buildConfigurations = (
				74E21ADF2860A50500E90FE6 /* Debug */,
				74E21AE02860A50500E90FE6 /* Release */,
			);
			defaultConfigurationIsVisible = 0;
			defaultConfigurationName = Release;
		};
/* End XCConfigurationList section */

/* Begin XCSwiftPackageProductDependency section */
		74E21AC62860857300E90FE6 /* MainLibrary */ = {
			isa = XCSwiftPackageProductDependency;
			productName = MainLibrary;
		};
		74E21ACA2860A18900E90FE6 /* EnvironmentLibrary */ = {
			isa = XCSwiftPackageProductDependency;
			productName = EnvironmentLibrary;
		};
		74E21ACC2860A18F00E90FE6 /* DetailFeatureLibrary */ = {
			isa = XCSwiftPackageProductDependency;
			productName = DetailFeatureLibrary;
		};
		74E21ACE2860A18F00E90FE6 /* ListFeatureLibrary */ = {
			isa = XCSwiftPackageProductDependency;
			productName = ListFeatureLibrary;
		};
		74E21AE22860A5B000E90FE6 /* DetailFeatureLibrary */ = {
			isa = XCSwiftPackageProductDependency;
			productName = DetailFeatureLibrary;
		};
		74E21AE42860A5B000E90FE6 /* EnvironmentLibrary */ = {
			isa = XCSwiftPackageProductDependency;
			productName = EnvironmentLibrary;
		};
		74E21AE62860A5B000E90FE6 /* ListFeatureLibrary */ = {
			isa = XCSwiftPackageProductDependency;
			productName = ListFeatureLibrary;
		};
		74E21AE82860A5B000E90FE6 /* MainLibrary */ = {
			isa = XCSwiftPackageProductDependency;
			productName = MainLibrary;
		};
/* End XCSwiftPackageProductDependency section */
	};
	rootObject = 7490B9FD27EB3B52002092B1 /* Project object */;
}
